
Microsoft Visual Studio Solution File, Format Version 12.00
# Visual Studio Version 16
VisualStudioVersion = 16.0.31005.135
MinimumVisualStudioVersion = 10.0.40219.1
Project("{9A19103F-16F7-4668-BE54-9A1E7A4F7556}") = "UserMangement.API", "UserMangement.API\UserMangement.API.csproj", "{74877475-643E-4744-AC0A-F3859AEDCC0F}"
EndProject
Project("{9A19103F-16F7-4668-BE54-9A1E7A4F7556}") = "UserMangement.DAL", "UserMangement.DAL\UserMangement.DAL.csproj", "{1A6B8016-336E-4CFA-984A-B59C612FABF0}"
EndProject
Project("{9A19103F-16F7-4668-BE54-9A1E7A4F7556}") = "UserMangement.Shared", "UserMangement.Shared\UserMangement.Shared.csproj", "{9EE7945A-4F21-4547-BF65-EB24F09C8411}"
EndProject
Project("{9A19103F-16F7-4668-BE54-9A1E7A4F7556}") = "UserMangement.BAL", "UserMangement.BAL\UserMangement.BAL.csproj", "{B761E9B0-679D-4322-8488-CD750C088A0F}"
EndProject
Global
	GlobalSection(SolutionConfigurationPlatforms) = preSolution
		Debug|Any CPU = Debug|Any CPU
		Release|Any CPU = Release|Any CPU
	EndGlobalSection
	GlobalSection(ProjectConfigurationPlatforms) = postSolution
		{74877475-643E-4744-AC0A-F3859AEDCC0F}.Debug|Any CPU.ActiveCfg = Debug|Any CPU
		{74877475-643E-4744-AC0A-F3859AEDCC0F}.Debug|Any CPU.Build.0 = Debug|Any CPU
		{74877475-643E-4744-AC0A-F3859AEDCC0F}.Release|Any CPU.ActiveCfg = Release|Any CPU
		{74877475-643E-4744-AC0A-F3859AEDCC0F}.Release|Any CPU.Build.0 = Release|Any CPU
		{1A6B8016-336E-4CFA-984A-B59C612FABF0}.Debug|Any CPU.ActiveCfg = Debug|Any CPU
		{1A6B8016-336E-4CFA-984A-B59C612FABF0}.Debug|Any CPU.Build.0 = Debug|Any CPU
		{1A6B8016-336E-4CFA-984A-B59C612FABF0}.Release|Any CPU.ActiveCfg = Release|Any CPU
		{1A6B8016-336E-4CFA-984A-B59C612FABF0}.Release|Any CPU.Build.0 = Release|Any CPU
		{9EE7945A-4F21-4547-BF65-EB24F09C8411}.Debug|Any CPU.ActiveCfg = Debug|Any CPU
		{9EE7945A-4F21-4547-BF65-EB24F09C8411}.Debug|Any CPU.Build.0 = Debug|Any CPU
		{9EE7945A-4F21-4547-BF65-EB24F09C8411}.Release|Any CPU.ActiveCfg = Release|Any CPU
		{9EE7945A-4F21-4547-BF65-EB24F09C8411}.Release|Any CPU.Build.0 = Release|Any CPU
		{B761E9B0-679D-4322-8488-CD750C088A0F}.Debug|Any CPU.ActiveCfg = Debug|Any CPU
		{B761E9B0-679D-4322-8488-CD750C088A0F}.Debug|Any CPU.Build.0 = Debug|Any CPU
		{B761E9B0-679D-4322-8488-CD750C088A0F}.Release|Any CPU.ActiveCfg = Release|Any CPU
		{B761E9B0-679D-4322-8488-CD750C088A0F}.Release|Any CPU.Build.0 = Release|Any CPU
	EndGlobalSection
	GlobalSection(SolutionProperties) = preSolution
		HideSolutionNode = FALSE
	EndGlobalSection
	GlobalSection(ExtensibilityGlobals) = postSolution
		SolutionGuid = {AD036725-1F8E-47AE-A6C9-B9823EA9E723}
	EndGlobalSection
EndGlobal
